
Microsoft Visual Studio Solution File, Format Version 12.00
# Visual Studio 15
Project("{FAE04EC0-301F-11D3-BF4B-00C04F79EFBC}") = "Unity.Timeline", "Unity.Timeline.csproj", "{CB9FBB1B-A55A-BC90-D575-61BF0EEF7D54}"
EndProject
Project("{FAE04EC0-301F-11D3-BF4B-00C04F79EFBC}") = "Unity.PlasticSCM.Editor", "Unity.PlasticSCM.Editor.csproj", "{51CDBFA7-88DA-36B9-B6E7-DE5D5DB461B5}"
EndProject
Project("{FAE04EC0-301F-11D3-BF4B-00C04F79EFBC}") = "Unity.2D.Aseprite.Editor", "Unity.2D.Aseprite.Editor.csproj", "{019DF172-C7EC-64FC-7723-F3F604D49064}"
EndProject
Project("{FAE04EC0-301F-11D3-BF4B-00C04F79EFBC}") = "Unity.Mathematics", "Unity.Mathematics.csproj", "{A749C734-56B5-491F-7EE3-22328D423E6E}"
EndProject
Project("{FAE04EC0-301F-11D3-BF4B-00C04F79EFBC}") = "Unity.Timeline.Editor", "Unity.Timeline.Editor.csproj", "{C024ACBE-CFDF-04C6-7D4A-07B23FE24F6B}"
EndProject
Project("{FAE04EC0-301F-11D3-BF4B-00C04F79EFBC}") = "Unity.2D.Psdimporter.Editor", "Unity.2D.Psdimporter.Editor.csproj", "{C1CA0E7B-D2F6-1DAC-4AC6-AC4EF5410281}"
EndProject
Project("{FAE04EC0-301F-11D3-BF4B-00C04F79EFBC}") = "Unity.Collections", "Unity.Collections.csproj", "{FA4AF20D-F2A0-3046-DECF-CEE73078F622}"
EndProject
Project("{FAE04EC0-301F-11D3-BF4B-00C04F79EFBC}") = "Unity.2D.IK.Runtime", "Unity.2D.IK.Runtime.csproj", "{F0A7A218-6BE3-B79D-D133-02BE101AB1C1}"
EndProject
Project("{FAE04EC0-301F-11D3-BF4B-00C04F79EFBC}") = "Unity.VisualScripting.Core.Editor", "Unity.VisualScripting.Core.Editor.csproj", "{DE8C13E3-E202-5053-CD26-84761FC4F981}"
EndProject
Project("{FAE04EC0-301F-11D3-BF4B-00C04F79EFBC}") = "Unity.PerformanceTesting.Editor", "Unity.PerformanceTesting.Editor.csproj", "{9697C47F-D243-2F1A-E7CA-3A3CEF6EF47F}"
EndProject
Project("{FAE04EC0-301F-11D3-BF4B-00C04F79EFBC}") = "Unity.Burst", "Unity.Burst.csproj", "{8E2F2EF4-12C7-59E4-BC39-A4A9B435D5CC}"
EndProject
Project("{FAE04EC0-301F-11D3-BF4B-00C04F79EFBC}") = "Unity.VisualScripting.Flow.Editor", "Unity.VisualScripting.Flow.Editor.csproj", "{2D9AF089-D889-B7AB-B166-50ECAF487EB4}"
EndProject
Project("{FAE04EC0-301F-11D3-BF4B-00C04F79EFBC}") = "Unity.2D.SpriteShape.Editor", "Unity.2D.SpriteShape.Editor.csproj", "{CFEF03BF-E1C0-415C-754C-F6500C07DE47}"
EndProject
Project("{FAE04EC0-301F-11D3-BF4B-00C04F79EFBC}") = "Unity.VisualStudio.Editor", "Unity.VisualStudio.Editor.csproj", "{046E4E8B-0680-4F66-F44C-8F9B5C657D9F}"
EndProject
Project("{FAE04EC0-301F-11D3-BF4B-00C04F79EFBC}") = "Unity.InputSystem", "Unity.InputSystem.csproj", "{1255F12D-2D35-7BE5-5BF1-8A63D21AB9B7}"
EndProject
Project("{FAE04EC0-301F-11D3-BF4B-00C04F79EFBC}") = "Unity.2D.Animation.Editor", "Unity.2D.Animation.Editor.csproj", "{B6378FE3-A9B1-986F-CF5C-12A14A43E209}"
EndProject
Project("{FAE04EC0-301F-11D3-BF4B-00C04F79EFBC}") = "Unity.Searcher.Editor", "Unity.Searcher.Editor.csproj", "{C0691FC0-1481-54D3-BE65-39A57BFCBC7A}"
EndProject
Project("{FAE04EC0-301F-11D3-BF4B-00C04F79EFBC}") = "Unity.2D.SpriteShape.Runtime", "Unity.2D.SpriteShape.Runtime.csproj", "{483D6BCE-2AA0-32C2-A1C9-E4130B02E20C}"
EndProject
Project("{FAE04EC0-301F-11D3-BF4B-00C04F79EFBC}") = "Unity.VisualScripting.Core", "Unity.VisualScripting.Core.csproj", "{0B58DD5E-C48F-450F-77AD-93A0C48C4212}"
EndProject
Project("{FAE04EC0-301F-11D3-BF4B-00C04F79EFBC}") = "Unity.CollabProxy.Editor", "Unity.CollabProxy.Editor.csproj", "{A4310CBF-BB11-AA77-EC87-924D5BD0E369}"
EndProject
Project("{FAE04EC0-301F-11D3-BF4B-00C04F79EFBC}") = "Unity.VisualScripting.State.Editor", "Unity.VisualScripting.State.Editor.csproj", "{BEAE4618-1E46-6D64-7609-A4DDC34BB5A2}"
EndProject
Project("{FAE04EC0-301F-11D3-BF4B-00C04F79EFBC}") = "Unity.Burst.CodeGen", "Unity.Burst.CodeGen.csproj", "{F5EE465C-E108-44EB-13DE-33CCB992324E}"
EndProject
Project("{FAE04EC0-301F-11D3-BF4B-00C04F79EFBC}") = "Unity.VisualScripting.Flow", "Unity.VisualScripting.Flow.csproj", "{ED46F8C1-AEDF-DE5D-79F7-E05085D085BE}"
EndProject
Project("{FAE04EC0-301F-11D3-BF4B-00C04F79EFBC}") = "Unity.PerformanceTesting", "Unity.PerformanceTesting.csproj", "{27D1540F-E600-8E7F-F5B3-7719978FC9C5}"
EndProject
Project("{FAE04EC0-301F-11D3-BF4B-00C04F79EFBC}") = "Unity.2D.Tilemap.Extras.Editor", "Unity.2D.Tilemap.Extras.Editor.csproj", "{F96CE08A-3E81-604F-C52D-CC58428E63E0}"
EndProject
Project("{FAE04EC0-301F-11D3-BF4B-00C04F79EFBC}") = "PsdPlugin", "PsdPlugin.csproj", "{727DE84D-7596-E851-C9FD-1E33E3485669}"
EndProject
Project("{FAE04EC0-301F-11D3-BF4B-00C04F79EFBC}") = "Unity.2D.IK.Editor", "Unity.2D.IK.Editor.csproj", "{683AC31C-DC49-DC58-7435-D16A0961959D}"
EndProject
Project("{FAE04EC0-301F-11D3-BF4B-00C04F79EFBC}") = "Unity.InternalAPIEngineBridge.001", "Unity.InternalAPIEngineBridge.001.csproj", "{698601C1-E216-3963-5770-64DAF6FDB079}"
EndProject
Project("{FAE04EC0-301F-11D3-BF4B-00C04F79EFBC}") = "Unity.2D.Aseprite.Common", "Unity.2D.Aseprite.Common.csproj", "{A4FF85DD-18C0-6949-26D9-E92C725DA543}"
EndProject
Project("{FAE04EC0-301F-11D3-BF4B-00C04F79EFBC}") = "Unity.Burst.Editor", "Unity.Burst.Editor.csproj", "{86A54A69-1F23-DCD3-2AD9-DD9C9911E198}"
EndProject
Project("{FAE04EC0-301F-11D3-BF4B-00C04F79EFBC}") = "Unity.2D.Common.Path.Editor", "Unity.2D.Common.Path.Editor.csproj", "{5D33D76A-0CA4-183D-2207-FC9AAC2DEE02}"
EndProject
Project("{FAE04EC0-301F-11D3-BF4B-00C04F79EFBC}") = "Unity.2D.Common.Editor", "Unity.2D.Common.Editor.csproj", "{A0D304EF-2EEB-295D-64EB-54B7E3589E8F}"
EndProject
Project("{FAE04EC0-301F-11D3-BF4B-00C04F79EFBC}") = "Unity.Rider.Editor", "Unity.Rider.Editor.csproj", "{6274BDC8-4DAC-9143-31BB-B76A6F9C39B6}"
EndProject
Project("{FAE04EC0-301F-11D3-BF4B-00C04F79EFBC}") = "Unity.VisualScripting.State", "Unity.VisualScripting.State.csproj", "{1553ECC6-1960-1CA0-5F56-1A941D4E6E4F}"
EndProject
Project("{FAE04EC0-301F-11D3-BF4B-00C04F79EFBC}") = "Unity.InternalAPIEditorBridge.001", "Unity.InternalAPIEditorBridge.001.csproj", "{4DD91D23-F42E-B1B3-D699-9B755A5549A3}"
EndProject
Project("{FAE04EC0-301F-11D3-BF4B-00C04F79EFBC}") = "Assembly-CSharp", "Assembly-CSharp.csproj", "{E3EF6E53-88BE-20EB-65C7-C65330B49779}"
EndProject
Project("{FAE04EC0-301F-11D3-BF4B-00C04F79EFBC}") = "Unity.InputSystem.ForUI", "Unity.InputSystem.ForUI.csproj", "{0885B2BA-6337-6D52-FBE6-A5AAE3B289BA}"
EndProject
Project("{FAE04EC0-301F-11D3-BF4B-00C04F79EFBC}") = "Unity.Collections.CodeGen", "Unity.Collections.CodeGen.csproj", "{719AA820-473F-7850-DAF8-8093A740110F}"
EndProject
Project("{FAE04EC0-301F-11D3-BF4B-00C04F79EFBC}") = "Unity.2D.Tilemap.Extras", "Unity.2D.Tilemap.Extras.csproj", "{1312F78D-733A-2DA8-FFE5-1A44F462E2A8}"
EndProject
Project("{FAE04EC0-301F-11D3-BF4B-00C04F79EFBC}") = "Unity.2D.Animation.Runtime", "Unity.2D.Animation.Runtime.csproj", "{53DFF8F6-F331-C476-3C2D-D4572E7AFE0E}"
EndProject
Project("{FAE04EC0-301F-11D3-BF4B-00C04F79EFBC}") = "Unity.Mathematics.Editor", "Unity.Mathematics.Editor.csproj", "{C01D8419-AA0A-EAF9-F3B9-8D3667118C18}"
EndProject
Project("{FAE04EC0-301F-11D3-BF4B-00C04F79EFBC}") = "Unity.VisualScripting.SettingsProvider.Editor", "Unity.VisualScripting.SettingsProvider.Editor.csproj", "{FCA180A8-1947-4031-2020-CC145DA9CCA0}"
EndProject
Project("{FAE04EC0-301F-11D3-BF4B-00C04F79EFBC}") = "Unity.InputSystem.TestFramework", "Unity.InputSystem.TestFramework.csproj", "{D037E153-017E-E82E-3DAD-18BAEEE2E222}"
EndProject
Project("{FAE04EC0-301F-11D3-BF4B-00C04F79EFBC}") = "Unity.VisualScripting.Shared.Editor", "Unity.VisualScripting.Shared.Editor.csproj", "{B7C33BCA-4349-8C09-4CC6-2A4BFF130A42}"
EndProject
Project("{FAE04EC0-301F-11D3-BF4B-00C04F79EFBC}") = "Unity.2D.Common.Runtime", "Unity.2D.Common.Runtime.csproj", "{D9E88324-E32B-657F-8EE7-F26A6F8FD563}"
EndProject
Project("{FAE04EC0-301F-11D3-BF4B-00C04F79EFBC}") = "Unity.InputSystem.DocCodeSamples", "Unity.InputSystem.DocCodeSamples.csproj", "{FD2E4928-49D1-3B52-8C31-B9973EB975D6}"
EndProject
Project("{FAE04EC0-301F-11D3-BF4B-00C04F79EFBC}") = "ScriptablePacker", "ScriptablePacker.csproj", "{2EDC3678-26A8-2B31-7E2F-CAE19D4275FF}"
EndProject
Project("{FAE04EC0-301F-11D3-BF4B-00C04F79EFBC}") = "Unity.Collections.Editor", "Unity.Collections.Editor.csproj", "{EE71A386-0B9E-6249-B36C-621500FEF1F1}"
EndProject
Global
	GlobalSection(SolutionConfigurationPlatforms) = preSolution
		Debug|Any CPU = Debug|Any CPU
		Release|Any CPU = Release|Any CPU
	EndGlobalSection
	GlobalSection(ProjectConfigurationPlatforms) = postSolution
		{CB9FBB1B-A55A-BC90-D575-61BF0EEF7D54}.Debug|Any CPU.ActiveCfg = Debug|Any CPU
		{CB9FBB1B-A55A-BC90-D575-61BF0EEF7D54}.Debug|Any CPU.Build.0 = Debug|Any CPU
		{CB9FBB1B-A55A-BC90-D575-61BF0EEF7D54}.Release|Any CPU.ActiveCfg = Release|Any CPU
		{CB9FBB1B-A55A-BC90-D575-61BF0EEF7D54}.Release|Any CPU.Build.0 = Release|Any CPU
		{51CDBFA7-88DA-36B9-B6E7-DE5D5DB461B5}.Debug|Any CPU.ActiveCfg = Debug|Any CPU
		{51CDBFA7-88DA-36B9-B6E7-DE5D5DB461B5}.Debug|Any CPU.Build.0 = Debug|Any CPU
		{51CDBFA7-88DA-36B9-B6E7-DE5D5DB461B5}.Release|Any CPU.ActiveCfg = Release|Any CPU
		{51CDBFA7-88DA-36B9-B6E7-DE5D5DB461B5}.Release|Any CPU.Build.0 = Release|Any CPU
		{019DF172-C7EC-64FC-7723-F3F604D49064}.Debug|Any CPU.ActiveCfg = Debug|Any CPU
		{019DF172-C7EC-64FC-7723-F3F604D49064}.Debug|Any CPU.Build.0 = Debug|Any CPU
		{019DF172-C7EC-64FC-7723-F3F604D49064}.Release|Any CPU.ActiveCfg = Release|Any CPU
		{019DF172-C7EC-64FC-7723-F3F604D49064}.Release|Any CPU.Build.0 = Release|Any CPU
		{A749C734-56B5-491F-7EE3-22328D423E6E}.Debug|Any CPU.ActiveCfg = Debug|Any CPU
		{A749C734-56B5-491F-7EE3-22328D423E6E}.Debug|Any CPU.Build.0 = Debug|Any CPU
		{A749C734-56B5-491F-7EE3-22328D423E6E}.Release|Any CPU.ActiveCfg = Release|Any CPU
		{A749C734-56B5-491F-7EE3-22328D423E6E}.Release|Any CPU.Build.0 = Release|Any CPU
		{C024ACBE-CFDF-04C6-7D4A-07B23FE24F6B}.Debug|Any CPU.ActiveCfg = Debug|Any CPU
		{C024ACBE-CFDF-04C6-7D4A-07B23FE24F6B}.Debug|Any CPU.Build.0 = Debug|Any CPU
		{C024ACBE-CFDF-04C6-7D4A-07B23FE24F6B}.Release|Any CPU.ActiveCfg = Release|Any CPU
		{C024ACBE-CFDF-04C6-7D4A-07B23FE24F6B}.Release|Any CPU.Build.0 = Release|Any CPU
		{C1CA0E7B-D2F6-1DAC-4AC6-AC4EF5410281}.Debug|Any CPU.ActiveCfg = Debug|Any CPU
		{C1CA0E7B-D2F6-1DAC-4AC6-AC4EF5410281}.Debug|Any CPU.Build.0 = Debug|Any CPU
		{C1CA0E7B-D2F6-1DAC-4AC6-AC4EF5410281}.Release|Any CPU.ActiveCfg = Release|Any CPU
		{C1CA0E7B-D2F6-1DAC-4AC6-AC4EF5410281}.Release|Any CPU.Build.0 = Release|Any CPU
		{FA4AF20D-F2A0-3046-DECF-CEE73078F622}.Debug|Any CPU.ActiveCfg = Debug|Any CPU
		{FA4AF20D-F2A0-3046-DECF-CEE73078F622}.Debug|Any CPU.Build.0 = Debug|Any CPU
		{FA4AF20D-F2A0-3046-DECF-CEE73078F622}.Release|Any CPU.ActiveCfg = Release|Any CPU
		{FA4AF20D-F2A0-3046-DECF-CEE73078F622}.Release|Any CPU.Build.0 = Release|Any CPU
		{F0A7A218-6BE3-B79D-D133-02BE101AB1C1}.Debug|Any CPU.ActiveCfg = Debug|Any CPU
		{F0A7A218-6BE3-B79D-D133-02BE101AB1C1}.Debug|Any CPU.Build.0 = Debug|Any CPU
		{F0A7A218-6BE3-B79D-D133-02BE101AB1C1}.Release|Any CPU.ActiveCfg = Release|Any CPU
		{F0A7A218-6BE3-B79D-D133-02BE101AB1C1}.Release|Any CPU.Build.0 = Release|Any CPU
		{DE8C13E3-E202-5053-CD26-84761FC4F981}.Debug|Any CPU.ActiveCfg = Debug|Any CPU
		{DE8C13E3-E202-5053-CD26-84761FC4F981}.Debug|Any CPU.Build.0 = Debug|Any CPU
		{DE8C13E3-E202-5053-CD26-84761FC4F981}.Release|Any CPU.ActiveCfg = Release|Any CPU
		{DE8C13E3-E202-5053-CD26-84761FC4F981}.Release|Any CPU.Build.0 = Release|Any CPU
		{9697C47F-D243-2F1A-E7CA-3A3CEF6EF47F}.Debug|Any CPU.ActiveCfg = Debug|Any CPU
		{9697C47F-D243-2F1A-E7CA-3A3CEF6EF47F}.Debug|Any CPU.Build.0 = Debug|Any CPU
		{9697C47F-D243-2F1A-E7CA-3A3CEF6EF47F}.Release|Any CPU.ActiveCfg = Release|Any CPU
		{9697C47F-D243-2F1A-E7CA-3A3CEF6EF47F}.Release|Any CPU.Build.0 = Release|Any CPU
		{8E2F2EF4-12C7-59E4-BC39-A4A9B435D5CC}.Debug|Any CPU.ActiveCfg = Debug|Any CPU
		{8E2F2EF4-12C7-59E4-BC39-A4A9B435D5CC}.Debug|Any CPU.Build.0 = Debug|Any CPU
		{8E2F2EF4-12C7-59E4-BC39-A4A9B435D5CC}.Release|Any CPU.ActiveCfg = Release|Any CPU
		{8E2F2EF4-12C7-59E4-BC39-A4A9B435D5CC}.Release|Any CPU.Build.0 = Release|Any CPU
		{2D9AF089-D889-B7AB-B166-50ECAF487EB4}.Debug|Any CPU.ActiveCfg = Debug|Any CPU
		{2D9AF089-D889-B7AB-B166-50ECAF487EB4}.Debug|Any CPU.Build.0 = Debug|Any CPU
		{2D9AF089-D889-B7AB-B166-50ECAF487EB4}.Release|Any CPU.ActiveCfg = Release|Any CPU
		{2D9AF089-D889-B7AB-B166-50ECAF487EB4}.Release|Any CPU.Build.0 = Release|Any CPU
		{CFEF03BF-E1C0-415C-754C-F6500C07DE47}.Debug|Any CPU.ActiveCfg = Debug|Any CPU
		{CFEF03BF-E1C0-415C-754C-F6500C07DE47}.Debug|Any CPU.Build.0 = Debug|Any CPU
		{CFEF03BF-E1C0-415C-754C-F6500C07DE47}.Release|Any CPU.ActiveCfg = Release|Any CPU
		{CFEF03BF-E1C0-415C-754C-F6500C07DE47}.Release|Any CPU.Build.0 = Release|Any CPU
		{046E4E8B-0680-4F66-F44C-8F9B5C657D9F}.Debug|Any CPU.ActiveCfg = Debug|Any CPU
		{046E4E8B-0680-4F66-F44C-8F9B5C657D9F}.Debug|Any CPU.Build.0 = Debug|Any CPU
		{046E4E8B-0680-4F66-F44C-8F9B5C657D9F}.Release|Any CPU.ActiveCfg = Release|Any CPU
		{046E4E8B-0680-4F66-F44C-8F9B5C657D9F}.Release|Any CPU.Build.0 = Release|Any CPU
		{1255F12D-2D35-7BE5-5BF1-8A63D21AB9B7}.Debug|Any CPU.ActiveCfg = Debug|Any CPU
		{1255F12D-2D35-7BE5-5BF1-8A63D21AB9B7}.Debug|Any CPU.Build.0 = Debug|Any CPU
		{1255F12D-2D35-7BE5-5BF1-8A63D21AB9B7}.Release|Any CPU.ActiveCfg = Release|Any CPU
		{1255F12D-2D35-7BE5-5BF1-8A63D21AB9B7}.Release|Any CPU.Build.0 = Release|Any CPU
		{B6378FE3-A9B1-986F-CF5C-12A14A43E209}.Debug|Any CPU.ActiveCfg = Debug|Any CPU
		{B6378FE3-A9B1-986F-CF5C-12A14A43E209}.Debug|Any CPU.Build.0 = Debug|Any CPU
		{B6378FE3-A9B1-986F-CF5C-12A14A43E209}.Release|Any CPU.ActiveCfg = Release|Any CPU
		{B6378FE3-A9B1-986F-CF5C-12A14A43E209}.Release|Any CPU.Build.0 = Release|Any CPU
		{C0691FC0-1481-54D3-BE65-39A57BFCBC7A}.Debug|Any CPU.ActiveCfg = Debug|Any CPU
		{C0691FC0-1481-54D3-BE65-39A57BFCBC7A}.Debug|Any CPU.Build.0 = Debug|Any CPU
		{C0691FC0-1481-54D3-BE65-39A57BFCBC7A}.Release|Any CPU.ActiveCfg = Release|Any CPU
		{C0691FC0-1481-54D3-BE65-39A57BFCBC7A}.Release|Any CPU.Build.0 = Release|Any CPU
		{483D6BCE-2AA0-32C2-A1C9-E4130B02E20C}.Debug|Any CPU.ActiveCfg = Debug|Any CPU
		{483D6BCE-2AA0-32C2-A1C9-E4130B02E20C}.Debug|Any CPU.Build.0 = Debug|Any CPU
		{483D6BCE-2AA0-32C2-A1C9-E4130B02E20C}.Release|Any CPU.ActiveCfg = Release|Any CPU
		{483D6BCE-2AA0-32C2-A1C9-E4130B02E20C}.Release|Any CPU.Build.0 = Release|Any CPU
		{0B58DD5E-C48F-450F-77AD-93A0C48C4212}.Debug|Any CPU.ActiveCfg = Debug|Any CPU
		{0B58DD5E-C48F-450F-77AD-93A0C48C4212}.Debug|Any CPU.Build.0 = Debug|Any CPU
		{0B58DD5E-C48F-450F-77AD-93A0C48C4212}.Release|Any CPU.ActiveCfg = Release|Any CPU
		{0B58DD5E-C48F-450F-77AD-93A0C48C4212}.Release|Any CPU.Build.0 = Release|Any CPU
		{A4310CBF-BB11-AA77-EC87-924D5BD0E369}.Debug|Any CPU.ActiveCfg = Debug|Any CPU
		{A4310CBF-BB11-AA77-EC87-924D5BD0E369}.Debug|Any CPU.Build.0 = Debug|Any CPU
		{A4310CBF-BB11-AA77-EC87-924D5BD0E369}.Release|Any CPU.ActiveCfg = Release|Any CPU
		{A4310CBF-BB11-AA77-EC87-924D5BD0E369}.Release|Any CPU.Build.0 = Release|Any CPU
		{BEAE4618-1E46-6D64-7609-A4DDC34BB5A2}.Debug|Any CPU.ActiveCfg = Debug|Any CPU
		{BEAE4618-1E46-6D64-7609-A4DDC34BB5A2}.Debug|Any CPU.Build.0 = Debug|Any CPU
		{BEAE4618-1E46-6D64-7609-A4DDC34BB5A2}.Release|Any CPU.ActiveCfg = Release|Any CPU
		{BEAE4618-1E46-6D64-7609-A4DDC34BB5A2}.Release|Any CPU.Build.0 = Release|Any CPU
		{F5EE465C-E108-44EB-13DE-33CCB992324E}.Debug|Any CPU.ActiveCfg = Debug|Any CPU
		{F5EE465C-E108-44EB-13DE-33CCB992324E}.Debug|Any CPU.Build.0 = Debug|Any CPU
		{F5EE465C-E108-44EB-13DE-33CCB992324E}.Release|Any CPU.ActiveCfg = Release|Any CPU
		{F5EE465C-E108-44EB-13DE-33CCB992324E}.Release|Any CPU.Build.0 = Release|Any CPU
		{ED46F8C1-AEDF-DE5D-79F7-E05085D085BE}.Debug|Any CPU.ActiveCfg = Debug|Any CPU
		{ED46F8C1-AEDF-DE5D-79F7-E05085D085BE}.Debug|Any CPU.Build.0 = Debug|Any CPU
		{ED46F8C1-AEDF-DE5D-79F7-E05085D085BE}.Release|Any CPU.ActiveCfg = Release|Any CPU
		{ED46F8C1-AEDF-DE5D-79F7-E05085D085BE}.Release|Any CPU.Build.0 = Release|Any CPU
		{27D1540F-E600-8E7F-F5B3-7719978FC9C5}.Debug|Any CPU.ActiveCfg = Debug|Any CPU
		{27D1540F-E600-8E7F-F5B3-7719978FC9C5}.Debug|Any CPU.Build.0 = Debug|Any CPU
		{27D1540F-E600-8E7F-F5B3-7719978FC9C5}.Release|Any CPU.ActiveCfg = Release|Any CPU
		{27D1540F-E600-8E7F-F5B3-7719978FC9C5}.Release|Any CPU.Build.0 = Release|Any CPU
		{F96CE08A-3E81-604F-C52D-CC58428E63E0}.Debug|Any CPU.ActiveCfg = Debug|Any CPU
		{F96CE08A-3E81-604F-C52D-CC58428E63E0}.Debug|Any CPU.Build.0 = Debug|Any CPU
		{F96CE08A-3E81-604F-C52D-CC58428E63E0}.Release|Any CPU.ActiveCfg = Release|Any CPU
		{F96CE08A-3E81-604F-C52D-CC58428E63E0}.Release|Any CPU.Build.0 = Release|Any CPU
		{727DE84D-7596-E851-C9FD-1E33E3485669}.Debug|Any CPU.ActiveCfg = Debug|Any CPU
		{727DE84D-7596-E851-C9FD-1E33E3485669}.Debug|Any CPU.Build.0 = Debug|Any CPU
		{727DE84D-7596-E851-C9FD-1E33E3485669}.Release|Any CPU.ActiveCfg = Release|Any CPU
		{727DE84D-7596-E851-C9FD-1E33E3485669}.Release|Any CPU.Build.0 = Release|Any CPU
		{683AC31C-DC49-DC58-7435-D16A0961959D}.Debug|Any CPU.ActiveCfg = Debug|Any CPU
		{683AC31C-DC49-DC58-7435-D16A0961959D}.Debug|Any CPU.Build.0 = Debug|Any CPU
		{683AC31C-DC49-DC58-7435-D16A0961959D}.Release|Any CPU.ActiveCfg = Release|Any CPU
		{683AC31C-DC49-DC58-7435-D16A0961959D}.Release|Any CPU.Build.0 = Release|Any CPU
		{698601C1-E216-3963-5770-64DAF6FDB079}.Debug|Any CPU.ActiveCfg = Debug|Any CPU
		{698601C1-E216-3963-5770-64DAF6FDB079}.Debug|Any CPU.Build.0 = Debug|Any CPU
		{698601C1-E216-3963-5770-64DAF6FDB079}.Release|Any CPU.ActiveCfg = Release|Any CPU
		{698601C1-E216-3963-5770-64DAF6FDB079}.Release|Any CPU.Build.0 = Release|Any CPU
		{A4FF85DD-18C0-6949-26D9-E92C725DA543}.Debug|Any CPU.ActiveCfg = Debug|Any CPU
		{A4FF85DD-18C0-6949-26D9-E92C725DA543}.Debug|Any CPU.Build.0 = Debug|Any CPU
		{A4FF85DD-18C0-6949-26D9-E92C725DA543}.Release|Any CPU.ActiveCfg = Release|Any CPU
		{A4FF85DD-18C0-6949-26D9-E92C725DA543}.Release|Any CPU.Build.0 = Release|Any CPU
		{86A54A69-1F23-DCD3-2AD9-DD9C9911E198}.Debug|Any CPU.ActiveCfg = Debug|Any CPU
		{86A54A69-1F23-DCD3-2AD9-DD9C9911E198}.Debug|Any CPU.Build.0 = Debug|Any CPU
		{86A54A69-1F23-DCD3-2AD9-DD9C9911E198}.Release|Any CPU.ActiveCfg = Release|Any CPU
		{86A54A69-1F23-DCD3-2AD9-DD9C9911E198}.Release|Any CPU.Build.0 = Release|Any CPU
		{5D33D76A-0CA4-183D-2207-FC9AAC2DEE02}.Debug|Any CPU.ActiveCfg = Debug|Any CPU
		{5D33D76A-0CA4-183D-2207-FC9AAC2DEE02}.Debug|Any CPU.Build.0 = Debug|Any CPU
		{5D33D76A-0CA4-183D-2207-FC9AAC2DEE02}.Release|Any CPU.ActiveCfg = Release|Any CPU
		{5D33D76A-0CA4-183D-2207-FC9AAC2DEE02}.Release|Any CPU.Build.0 = Release|Any CPU
		{A0D304EF-2EEB-295D-64EB-54B7E3589E8F}.Debug|Any CPU.ActiveCfg = Debug|Any CPU
		{A0D304EF-2EEB-295D-64EB-54B7E3589E8F}.Debug|Any CPU.Build.0 = Debug|Any CPU
		{A0D304EF-2EEB-295D-64EB-54B7E3589E8F}.Release|Any CPU.ActiveCfg = Release|Any CPU
		{A0D304EF-2EEB-295D-64EB-54B7E3589E8F}.Release|Any CPU.Build.0 = Release|Any CPU
		{6274BDC8-4DAC-9143-31BB-B76A6F9C39B6}.Debug|Any CPU.ActiveCfg = Debug|Any CPU
		{6274BDC8-4DAC-9143-31BB-B76A6F9C39B6}.Debug|Any CPU.Build.0 = Debug|Any CPU
		{6274BDC8-4DAC-9143-31BB-B76A6F9C39B6}.Release|Any CPU.ActiveCfg = Release|Any CPU
		{6274BDC8-4DAC-9143-31BB-B76A6F9C39B6}.Release|Any CPU.Build.0 = Release|Any CPU
		{1553ECC6-1960-1CA0-5F56-1A941D4E6E4F}.Debug|Any CPU.ActiveCfg = Debug|Any CPU
		{1553ECC6-1960-1CA0-5F56-1A941D4E6E4F}.Debug|Any CPU.Build.0 = Debug|Any CPU
		{1553ECC6-1960-1CA0-5F56-1A941D4E6E4F}.Release|Any CPU.ActiveCfg = Release|Any CPU
		{1553ECC6-1960-1CA0-5F56-1A941D4E6E4F}.Release|Any CPU.Build.0 = Release|Any CPU
		{4DD91D23-F42E-B1B3-D699-9B755A5549A3}.Debug|Any CPU.ActiveCfg = Debug|Any CPU
		{4DD91D23-F42E-B1B3-D699-9B755A5549A3}.Debug|Any CPU.Build.0 = Debug|Any CPU
		{4DD91D23-F42E-B1B3-D699-9B755A5549A3}.Release|Any CPU.ActiveCfg = Release|Any CPU
		{4DD91D23-F42E-B1B3-D699-9B755A5549A3}.Release|Any CPU.Build.0 = Release|Any CPU
		{E3EF6E53-88BE-20EB-65C7-C65330B49779}.Debug|Any CPU.ActiveCfg = Debug|Any CPU
		{E3EF6E53-88BE-20EB-65C7-C65330B49779}.Debug|Any CPU.Build.0 = Debug|Any CPU
		{E3EF6E53-88BE-20EB-65C7-C65330B49779}.Release|Any CPU.ActiveCfg = Release|Any CPU
		{E3EF6E53-88BE-20EB-65C7-C65330B49779}.Release|Any CPU.Build.0 = Release|Any CPU
		{0885B2BA-6337-6D52-FBE6-A5AAE3B289BA}.Debug|Any CPU.ActiveCfg = Debug|Any CPU
		{0885B2BA-6337-6D52-FBE6-A5AAE3B289BA}.Debug|Any CPU.Build.0 = Debug|Any CPU
		{0885B2BA-6337-6D52-FBE6-A5AAE3B289BA}.Release|Any CPU.ActiveCfg = Release|Any CPU
		{0885B2BA-6337-6D52-FBE6-A5AAE3B289BA}.Release|Any CPU.Build.0 = Release|Any CPU
		{719AA820-473F-7850-DAF8-8093A740110F}.Debug|Any CPU.ActiveCfg = Debug|Any CPU
		{719AA820-473F-7850-DAF8-8093A740110F}.Debug|Any CPU.Build.0 = Debug|Any CPU
		{719AA820-473F-7850-DAF8-8093A740110F}.Release|Any CPU.ActiveCfg = Release|Any CPU
		{719AA820-473F-7850-DAF8-8093A740110F}.Release|Any CPU.Build.0 = Release|Any CPU
		{1312F78D-733A-2DA8-FFE5-1A44F462E2A8}.Debug|Any CPU.ActiveCfg = Debug|Any CPU
		{1312F78D-733A-2DA8-FFE5-1A44F462E2A8}.Debug|Any CPU.Build.0 = Debug|Any CPU
		{1312F78D-733A-2DA8-FFE5-1A44F462E2A8}.Release|Any CPU.ActiveCfg = Release|Any CPU
		{1312F78D-733A-2DA8-FFE5-1A44F462E2A8}.Release|Any CPU.Build.0 = Release|Any CPU
		{53DFF8F6-F331-C476-3C2D-D4572E7AFE0E}.Debug|Any CPU.ActiveCfg = Debug|Any CPU
		{53DFF8F6-F331-C476-3C2D-D4572E7AFE0E}.Debug|Any CPU.Build.0 = Debug|Any CPU
		{53DFF8F6-F331-C476-3C2D-D4572E7AFE0E}.Release|Any CPU.ActiveCfg = Release|Any CPU
		{53DFF8F6-F331-C476-3C2D-D4572E7AFE0E}.Release|Any CPU.Build.0 = Release|Any CPU
		{C01D8419-AA0A-EAF9-F3B9-8D3667118C18}.Debug|Any CPU.ActiveCfg = Debug|Any CPU
		{C01D8419-AA0A-EAF9-F3B9-8D3667118C18}.Debug|Any CPU.Build.0 = Debug|Any CPU
		{C01D8419-AA0A-EAF9-F3B9-8D3667118C18}.Release|Any CPU.ActiveCfg = Release|Any CPU
		{C01D8419-AA0A-EAF9-F3B9-8D3667118C18}.Release|Any CPU.Build.0 = Release|Any CPU
		{FCA180A8-1947-4031-2020-CC145DA9CCA0}.Debug|Any CPU.ActiveCfg = Debug|Any CPU
		{FCA180A8-1947-4031-2020-CC145DA9CCA0}.Debug|Any CPU.Build.0 = Debug|Any CPU
		{FCA180A8-1947-4031-2020-CC145DA9CCA0}.Release|Any CPU.ActiveCfg = Release|Any CPU
		{FCA180A8-1947-4031-2020-CC145DA9CCA0}.Release|Any CPU.Build.0 = Release|Any CPU
		{D037E153-017E-E82E-3DAD-18BAEEE2E222}.Debug|Any CPU.ActiveCfg = Debug|Any CPU
		{D037E153-017E-E82E-3DAD-18BAEEE2E222}.Debug|Any CPU.Build.0 = Debug|Any CPU
		{D037E153-017E-E82E-3DAD-18BAEEE2E222}.Release|Any CPU.ActiveCfg = Release|Any CPU
		{D037E153-017E-E82E-3DAD-18BAEEE2E222}.Release|Any CPU.Build.0 = Release|Any CPU
		{B7C33BCA-4349-8C09-4CC6-2A4BFF130A42}.Debug|Any CPU.ActiveCfg = Debug|Any CPU
		{B7C33BCA-4349-8C09-4CC6-2A4BFF130A42}.Debug|Any CPU.Build.0 = Debug|Any CPU
		{B7C33BCA-4349-8C09-4CC6-2A4BFF130A42}.Release|Any CPU.ActiveCfg = Release|Any CPU
		{B7C33BCA-4349-8C09-4CC6-2A4BFF130A42}.Release|Any CPU.Build.0 = Release|Any CPU
		{D9E88324-E32B-657F-8EE7-F26A6F8FD563}.Debug|Any CPU.ActiveCfg = Debug|Any CPU
		{D9E88324-E32B-657F-8EE7-F26A6F8FD563}.Debug|Any CPU.Build.0 = Debug|Any CPU
		{D9E88324-E32B-657F-8EE7-F26A6F8FD563}.Release|Any CPU.ActiveCfg = Release|Any CPU
		{D9E88324-E32B-657F-8EE7-F26A6F8FD563}.Release|Any CPU.Build.0 = Release|Any CPU
		{FD2E4928-49D1-3B52-8C31-B9973EB975D6}.Debug|Any CPU.ActiveCfg = Debug|Any CPU
		{FD2E4928-49D1-3B52-8C31-B9973EB975D6}.Debug|Any CPU.Build.0 = Debug|Any CPU
		{FD2E4928-49D1-3B52-8C31-B9973EB975D6}.Release|Any CPU.ActiveCfg = Release|Any CPU
		{FD2E4928-49D1-3B52-8C31-B9973EB975D6}.Release|Any CPU.Build.0 = Release|Any CPU
		{2EDC3678-26A8-2B31-7E2F-CAE19D4275FF}.Debug|Any CPU.ActiveCfg = Debug|Any CPU
		{2EDC3678-26A8-2B31-7E2F-CAE19D4275FF}.Debug|Any CPU.Build.0 = Debug|Any CPU
		{2EDC3678-26A8-2B31-7E2F-CAE19D4275FF}.Release|Any CPU.ActiveCfg = Release|Any CPU
		{2EDC3678-26A8-2B31-7E2F-CAE19D4275FF}.Release|Any CPU.Build.0 = Release|Any CPU
		{EE71A386-0B9E-6249-B36C-621500FEF1F1}.Debug|Any CPU.ActiveCfg = Debug|Any CPU
		{EE71A386-0B9E-6249-B36C-621500FEF1F1}.Debug|Any CPU.Build.0 = Debug|Any CPU
		{EE71A386-0B9E-6249-B36C-621500FEF1F1}.Release|Any CPU.ActiveCfg = Release|Any CPU
		{EE71A386-0B9E-6249-B36C-621500FEF1F1}.Release|Any CPU.Build.0 = Release|Any CPU
	EndGlobalSection
	GlobalSection(SolutionProperties) = preSolution
		HideSolutionNode = FALSE
	EndGlobalSection
EndGlobal
